
Microsoft Visual Studio Solution File, Format Version 11.00
# Visual Studio 2010
Project("{FAE04EC0-301F-11D3-BF4B-00C04F79EFBC}") = "TInyOs_Monitor", "TInyOs_Monitor\TInyOs_Monitor.csproj", "{C19E29F6-62DB-498E-B6EE-B8F4CBEADA22}"
EndProject
Project("{2150E333-8FDC-42A3-9474-1A3956D46DE8}") = "Solution Items", "Solution Items", "{7C8C84CC-33B1-490A-927A-2E3AC41091F5}"
	ProjectSection(SolutionItems) = preProject
		Events.cs = Events.cs
	EndProjectSection
EndProject
Global
	GlobalSection(SolutionConfigurationPlatforms) = preSolution
		Debug|x86 = Debug|x86
		Release|x86 = Release|x86
	EndGlobalSection
	GlobalSection(ProjectConfigurationPlatforms) = postSolution
		{C19E29F6-62DB-498E-B6EE-B8F4CBEADA22}.Debug|x86.ActiveCfg = Debug|x86
		{C19E29F6-62DB-498E-B6EE-B8F4CBEADA22}.Debug|x86.Build.0 = Debug|x86
		{C19E29F6-62DB-498E-B6EE-B8F4CBEADA22}.Release|x86.ActiveCfg = Release|x86
		{C19E29F6-62DB-498E-B6EE-B8F4CBEADA22}.Release|x86.Build.0 = Release|x86
	EndGlobalSection
	GlobalSection(NestedProjects) = preSolution
	EndGlobalSection
	GlobalSection(MonoDevelopProperties) = preSolution
		StartupItem = TInyOs_Monitor\TInyOs_Monitor.csproj
	EndGlobalSection
EndGlobal
