
Microsoft Visual Studio Solution File, Format Version 11.00
# Visual Studio 2010
Project("{FAE04EC0-301F-11D3-BF4B-00C04F79EFBC}") = "Drwaing2", "Drwaing2\Drwaing2.csproj", "{58D7996E-F9F5-4F22-91A9-D36668C99A90}"
EndProject
Global
	GlobalSection(SolutionConfigurationPlatforms) = preSolution
		Debug|x86 = Debug|x86
		Release|x86 = Release|x86
	EndGlobalSection
	GlobalSection(ProjectConfigurationPlatforms) = postSolution
		{58D7996E-F9F5-4F22-91A9-D36668C99A90}.Debug|x86.ActiveCfg = Debug|x86
		{58D7996E-F9F5-4F22-91A9-D36668C99A90}.Debug|x86.Build.0 = Debug|x86
		{58D7996E-F9F5-4F22-91A9-D36668C99A90}.Release|x86.ActiveCfg = Release|x86
		{58D7996E-F9F5-4F22-91A9-D36668C99A90}.Release|x86.Build.0 = Release|x86
	EndGlobalSection
	GlobalSection(MonoDevelopProperties) = preSolution
		StartupItem = Drwaing2\Drwaing2.csproj
	EndGlobalSection
EndGlobal
